
Microsoft Visual Studio Solution File, Format Version 12.00
# Visual Studio 15
VisualStudioVersion = 15.0.27703.2042
MinimumVisualStudioVersion = 10.0.40219.1
Project("{FAE04EC0-301F-11D3-BF4B-00C04F79EFBC}") = "KannaASCII", "KannaASCII\KannaASCII.csproj", "{F8B9BB67-8D60-4583-B2B1-4EECDD13DEE0}"
EndProject
Global
	GlobalSection(SolutionConfigurationPlatforms) = preSolution
		Debug|Any CPU = Debug|Any CPU
		Release|Any CPU = Release|Any CPU
	EndGlobalSection
	GlobalSection(ProjectConfigurationPlatforms) = postSolution
		{F8B9BB67-8D60-4583-B2B1-4EECDD13DEE0}.Debug|Any CPU.ActiveCfg = Debug|Any CPU
		{F8B9BB67-8D60-4583-B2B1-4EECDD13DEE0}.Debug|Any CPU.Build.0 = Debug|Any CPU
		{F8B9BB67-8D60-4583-B2B1-4EECDD13DEE0}.Release|Any CPU.ActiveCfg = Release|Any CPU
		{F8B9BB67-8D60-4583-B2B1-4EECDD13DEE0}.Release|Any CPU.Build.0 = Release|Any CPU
	EndGlobalSection
	GlobalSection(SolutionProperties) = preSolution
		HideSolutionNode = FALSE
	EndGlobalSection
	GlobalSection(ExtensibilityGlobals) = postSolution
		SolutionGuid = {3261BCE3-5F53-4AF4-A95C-DE4F357EE4BA}
	EndGlobalSection
EndGlobal
